{
  "name": "dendrogram",
  "version": "1.0.0",
  "lockfileVersion": 1,
  "requires": true,
  "dependencies": {
    "ajv": {
      "version": "6.10.1",
      "resolved": "https://registry.npmjs.org/ajv/-/ajv-6.10.1.tgz",
      "integrity": "sha512-w1YQaVGNC6t2UCPjEawK/vo/dG8OOrVtUmhBT1uJJYxbl5kU2Tj3v6LGqBcsysN1yhuCStJCCA3GqdvKY8sqXQ==",
      "requires": {
        "fast-deep-equal": "^2.0.1",
        "fast-json-stable-stringify": "^2.0.0",
        "json-schema-traverse": "^0.4.1",
        "uri-js": "^4.2.2"
      }
    },
    "asn1": {
      "version": "0.2.4",
      "resolved": "https://registry.npmjs.org/asn1/-/asn1-0.2.4.tgz",
      "integrity": "sha512-jxwzQpLQjSmWXgwaCZE9Nz+glAG01yF1QnWgbhGwHI5A6FRIEY6IVqtHhIepHqI7/kyEyQEagBC5mBEFlIYvdg==",
      "requires": {
        "safer-buffer": "~2.1.0"
      }
    },
    "assert-plus": {
      "version": "1.0.0",
      "resolved": "https://registry.npmjs.org/assert-plus/-/assert-plus-1.0.0.tgz",
      "integrity": "sha1-8S4PPF13sLHN2RRpQuTpbB5N1SU="
    },
    "asynckit": {
      "version": "0.4.0",
      "resolved": "https://registry.npmjs.org/asynckit/-/asynckit-0.4.0.tgz",
      "integrity": "sha1-x57Zf380y48robyXkLzDZkdLS3k="
    },
    "aws-sign2": {
      "version": "0.7.0",
      "resolved": "https://registry.npmjs.org/aws-sign2/-/aws-sign2-0.7.0.tgz",
      "integrity": "sha1-tG6JCTSpWR8tL2+G1+ap8bP+dqg="
    },
    "aws4": {
      "version": "1.8.0",
      "resolved": "https://registry.npmjs.org/aws4/-/aws4-1.8.0.tgz",
      "integrity": "sha512-ReZxvNHIOv88FlT7rxcXIIC0fPt4KZqZbOlivyWtXLt8ESx84zd3kMC6iK5jVeS2qt+g7ftS7ye4fi06X5rtRQ=="
    },
    "bcrypt-pbkdf": {
      "version": "1.0.2",
      "resolved": "https://registry.npmjs.org/bcrypt-pbkdf/-/bcrypt-pbkdf-1.0.2.tgz",
      "integrity": "sha1-pDAdOJtqQ/m2f/PKEaP2Y342Dp4=",
      "requires": {
        "tweetnacl": "^0.14.3"
      }
    },
    "caseless": {
      "version": "0.12.0",
      "resolved": "https://registry.npmjs.org/caseless/-/caseless-0.12.0.tgz",
      "integrity": "sha1-G2gcIf+EAzyCZUMJBolCDRhxUdw="
    },
    "combined-stream": {
      "version": "1.0.8",
      "resolved": "https://registry.npmjs.org/combined-stream/-/combined-stream-1.0.8.tgz",
      "integrity": "sha512-FQN4MRfuJeHf7cBbBMJFXhKSDq+2kAArBlmRBvcvFE5BB1HZKXtSFASDhdlz9zOYwxh8lDdnvmMOe/+5cdoEdg==",
      "requires": {
        "delayed-stream": "~1.0.0"
      }
    },
    "commander": {
      "version": "7.2.0",
      "resolved": "https://registry.npmjs.org/commander/-/commander-7.2.0.tgz",
      "integrity": "sha512-QrWXB+ZQSVPmIWIhtEO9H+gwHaMGYiF5ChvoJ+K9ZGHG/sVsa6yiesAD1GC/x46sET00Xlwo1u49RVVVzvcSkw=="
    },
    "core-util-is": {
      "version": "1.0.2",
      "resolved": "https://registry.npmjs.org/core-util-is/-/core-util-is-1.0.2.tgz",
      "integrity": "sha1-tf1UIgqivFq1eqtxQMlAdUUDwac="
    },
    "d3": {
      "version": "7.6.1",
      "resolved": "https://registry.npmjs.org/d3/-/d3-7.6.1.tgz",
      "integrity": "sha512-txMTdIHFbcpLx+8a0IFhZsbp+PfBBPt8yfbmukZTQFroKuFqIwqswF0qE5JXWefylaAVpSXFoKm3yP+jpNLFLw==",
      "requires": {
        "d3-array": "3",
        "d3-axis": "3",
        "d3-brush": "3",
        "d3-chord": "3",
        "d3-color": "3",
        "d3-contour": "4",
        "d3-delaunay": "6",
        "d3-dispatch": "3",
        "d3-drag": "3",
        "d3-dsv": "3",
        "d3-ease": "3",
        "d3-fetch": "3",
        "d3-force": "3",
        "d3-format": "3",
        "d3-geo": "3",
        "d3-hierarchy": "3",
        "d3-interpolate": "3",
        "d3-path": "3",
        "d3-polygon": "3",
        "d3-quadtree": "3",
        "d3-random": "3",
        "d3-scale": "4",
        "d3-scale-chromatic": "3",
        "d3-selection": "3",
        "d3-shape": "3",
        "d3-time": "3",
        "d3-time-format": "4",
        "d3-timer": "3",
        "d3-transition": "3",
        "d3-zoom": "3"
      }
    },
    "d3-array": {
      "version": "3.2.0",
      "resolved": "https://registry.npmjs.org/d3-array/-/d3-array-3.2.0.tgz",
      "integrity": "sha512-3yXFQo0oG3QCxbF06rMPFyGRMGJNS7NvsV1+2joOjbBE+9xvWQ8+GcMJAjRCzw06zQ3/arXeJgbPYcjUCuC+3g==",
      "requires": {
        "internmap": "1 - 2"
      }
    },
    "d3-axis": {
      "version": "3.0.0",
      "resolved": "https://registry.npmjs.org/d3-axis/-/d3-axis-3.0.0.tgz",
      "integrity": "sha512-IH5tgjV4jE/GhHkRV0HiVYPDtvfjHQlQfJHs0usq7M30XcSBvOotpmH1IgkcXsO/5gEQZD43B//fc7SRT5S+xw=="
    },
    "d3-brush": {
      "version": "3.0.0",
      "resolved": "https://registry.npmjs.org/d3-brush/-/d3-brush-3.0.0.tgz",
      "integrity": "sha512-ALnjWlVYkXsVIGlOsuWH1+3udkYFI48Ljihfnh8FZPF2QS9o+PzGLBslO0PjzVoHLZ2KCVgAM8NVkXPJB2aNnQ==",
      "requires": {
        "d3-dispatch": "1 - 3",
        "d3-drag": "2 - 3",
        "d3-interpolate": "1 - 3",
        "d3-selection": "3",
        "d3-transition": "3"
      }
    },
    "d3-chord": {
      "version": "3.0.1",
      "resolved": "https://registry.npmjs.org/d3-chord/-/d3-chord-3.0.1.tgz",
      "integrity": "sha512-VE5S6TNa+j8msksl7HwjxMHDM2yNK3XCkusIlpX5kwauBfXuyLAtNg9jCp/iHH61tgI4sb6R/EIMWCqEIdjT/g==",
      "requires": {
        "d3-path": "1 - 3"
      }
    },
    "d3-color": {
      "version": "3.1.0",
      "resolved": "https://registry.npmjs.org/d3-color/-/d3-color-3.1.0.tgz",
      "integrity": "sha512-zg/chbXyeBtMQ1LbD/WSoW2DpC3I0mpmPdW+ynRTj/x2DAWYrIY7qeZIHidozwV24m4iavr15lNwIwLxRmOxhA=="
    },
    "d3-contour": {
      "version": "4.0.0",
      "resolved": "https://registry.npmjs.org/d3-contour/-/d3-contour-4.0.0.tgz",
      "integrity": "sha512-7aQo0QHUTu/Ko3cP9YK9yUTxtoDEiDGwnBHyLxG5M4vqlBkO/uixMRele3nfsfj6UXOcuReVpVXzAboGraYIJw==",
      "requires": {
        "d3-array": "^3.2.0"
      }
    },
    "d3-delaunay": {
      "version": "6.0.2",
      "resolved": "https://registry.npmjs.org/d3-delaunay/-/d3-delaunay-6.0.2.tgz",
      "integrity": "sha512-IMLNldruDQScrcfT+MWnazhHbDJhcRJyOEBAJfwQnHle1RPh6WDuLvxNArUju2VSMSUuKlY5BGHRJ2cYyoFLQQ==",
      "requires": {
        "delaunator": "5"
      }
    },
    "d3-dispatch": {
      "version": "3.0.1",
      "resolved": "https://registry.npmjs.org/d3-dispatch/-/d3-dispatch-3.0.1.tgz",
      "integrity": "sha512-rzUyPU/S7rwUflMyLc1ETDeBj0NRuHKKAcvukozwhshr6g6c5d8zh4c2gQjY2bZ0dXeGLWc1PF174P2tVvKhfg=="
    },
    "d3-drag": {
      "version": "3.0.0",
      "resolved": "https://registry.npmjs.org/d3-drag/-/d3-drag-3.0.0.tgz",
      "integrity": "sha512-pWbUJLdETVA8lQNJecMxoXfH6x+mO2UQo8rSmZ+QqxcbyA3hfeprFgIT//HW2nlHChWeIIMwS2Fq+gEARkhTkg==",
      "requires": {
        "d3-dispatch": "1 - 3",
        "d3-selection": "3"
      }
    },
    "d3-dsv": {
      "version": "3.0.1",
      "resolved": "https://registry.npmjs.org/d3-dsv/-/d3-dsv-3.0.1.tgz",
      "integrity": "sha512-UG6OvdI5afDIFP9w4G0mNq50dSOsXHJaRE8arAS5o9ApWnIElp8GZw1Dun8vP8OyHOZ/QJUKUJwxiiCCnUwm+Q==",
      "requires": {
        "commander": "7",
        "iconv-lite": "0.6",
        "rw": "1"
      }
    },
    "d3-ease": {
      "version": "3.0.1",
      "resolved": "https://registry.npmjs.org/d3-ease/-/d3-ease-3.0.1.tgz",
      "integrity": "sha512-wR/XK3D3XcLIZwpbvQwQ5fK+8Ykds1ip7A2Txe0yxncXSdq1L9skcG7blcedkOX+ZcgxGAmLX1FrRGbADwzi0w=="
    },
    "d3-fetch": {
      "version": "3.0.1",
      "resolved": "https://registry.npmjs.org/d3-fetch/-/d3-fetch-3.0.1.tgz",
      "integrity": "sha512-kpkQIM20n3oLVBKGg6oHrUchHM3xODkTzjMoj7aWQFq5QEM+R6E4WkzT5+tojDY7yjez8KgCBRoj4aEr99Fdqw==",
      "requires": {
        "d3-dsv": "1 - 3"
      }
    },
    "d3-force": {
      "version": "3.0.0",
      "resolved": "https://registry.npmjs.org/d3-force/-/d3-force-3.0.0.tgz",
      "integrity": "sha512-zxV/SsA+U4yte8051P4ECydjD/S+qeYtnaIyAs9tgHCqfguma/aAQDjo85A9Z6EKhBirHRJHXIgJUlffT4wdLg==",
      "requires": {
        "d3-dispatch": "1 - 3",
        "d3-quadtree": "1 - 3",
        "d3-timer": "1 - 3"
      }
    },
    "d3-format": {
      "version": "3.1.0",
      "resolved": "https://registry.npmjs.org/d3-format/-/d3-format-3.1.0.tgz",
      "integrity": "sha512-YyUI6AEuY/Wpt8KWLgZHsIU86atmikuoOmCfommt0LYHiQSPjvX2AcFc38PX0CBpr2RCyZhjex+NS/LPOv6YqA=="
    },
    "d3-geo": {
      "version": "3.0.1",
      "resolved": "https://registry.npmjs.org/d3-geo/-/d3-geo-3.0.1.tgz",
      "integrity": "sha512-Wt23xBych5tSy9IYAM1FR2rWIBFWa52B/oF/GYe5zbdHrg08FU8+BuI6X4PvTwPDdqdAdq04fuWJpELtsaEjeA==",
      "requires": {
        "d3-array": "2.5.0 - 3"
      }
    },
    "d3-hierarchy": {
      "version": "3.1.2",
      "resolved": "https://registry.npmjs.org/d3-hierarchy/-/d3-hierarchy-3.1.2.tgz",
      "integrity": "sha512-FX/9frcub54beBdugHjDCdikxThEqjnR93Qt7PvQTOHxyiNCAlvMrHhclk3cD5VeAaq9fxmfRp+CnWw9rEMBuA=="
    },
    "d3-interpolate": {
      "version": "3.0.1",
      "resolved": "https://registry.npmjs.org/d3-interpolate/-/d3-interpolate-3.0.1.tgz",
      "integrity": "sha512-3bYs1rOD33uo8aqJfKP3JWPAibgw8Zm2+L9vBKEHJ2Rg+viTR7o5Mmv5mZcieN+FRYaAOWX5SJATX6k1PWz72g==",
      "requires": {
        "d3-color": "1 - 3"
      }
    },
    "d3-path": {
      "version": "3.0.1",
      "resolved": "https://registry.npmjs.org/d3-path/-/d3-path-3.0.1.tgz",
      "integrity": "sha512-gq6gZom9AFZby0YLduxT1qmrp4xpBA1YZr19OI717WIdKE2OM5ETq5qrHLb301IgxhLwcuxvGZVLeeWc/k1I6w=="
    },
    "d3-polygon": {
      "version": "3.0.1",
      "resolved": "https://registry.npmjs.org/d3-polygon/-/d3-polygon-3.0.1.tgz",
      "integrity": "sha512-3vbA7vXYwfe1SYhED++fPUQlWSYTTGmFmQiany/gdbiWgU/iEyQzyymwL9SkJjFFuCS4902BSzewVGsHHmHtXg=="
    },
    "d3-quadtree": {
      "version": "3.0.1",
      "resolved": "https://registry.npmjs.org/d3-quadtree/-/d3-quadtree-3.0.1.tgz",
      "integrity": "sha512-04xDrxQTDTCFwP5H6hRhsRcb9xxv2RzkcsygFzmkSIOJy3PeRJP7sNk3VRIbKXcog561P9oU0/rVH6vDROAgUw=="
    },
    "d3-random": {
      "version": "3.0.1",
      "resolved": "https://registry.npmjs.org/d3-random/-/d3-random-3.0.1.tgz",
      "integrity": "sha512-FXMe9GfxTxqd5D6jFsQ+DJ8BJS4E/fT5mqqdjovykEB2oFbTMDVdg1MGFxfQW+FBOGoB++k8swBrgwSHT1cUXQ=="
    },
    "d3-scale": {
      "version": "4.0.2",
      "resolved": "https://registry.npmjs.org/d3-scale/-/d3-scale-4.0.2.tgz",
      "integrity": "sha512-GZW464g1SH7ag3Y7hXjf8RoUuAFIqklOAq3MRl4OaWabTFJY9PN/E1YklhXLh+OQ3fM9yS2nOkCoS+WLZ6kvxQ==",
      "requires": {
        "d3-array": "2.10.0 - 3",
        "d3-format": "1 - 3",
        "d3-interpolate": "1.2.0 - 3",
        "d3-time": "2.1.1 - 3",
        "d3-time-format": "2 - 4"
      }
    },
    "d3-scale-chromatic": {
      "version": "3.0.0",
      "resolved": "https://registry.npmjs.org/d3-scale-chromatic/-/d3-scale-chromatic-3.0.0.tgz",
      "integrity": "sha512-Lx9thtxAKrO2Pq6OO2Ua474opeziKr279P/TKZsMAhYyNDD3EnCffdbgeSYN5O7m2ByQsxtuP2CSDczNUIZ22g==",
      "requires": {
        "d3-color": "1 - 3",
        "d3-interpolate": "1 - 3"
      }
    },
    "d3-selection": {
      "version": "3.0.0",
      "resolved": "https://registry.npmjs.org/d3-selection/-/d3-selection-3.0.0.tgz",
      "integrity": "sha512-fmTRWbNMmsmWq6xJV8D19U/gw/bwrHfNXxrIN+HfZgnzqTHp9jOmKMhsTUjXOJnZOdZY9Q28y4yebKzqDKlxlQ=="
    },
    "d3-shape": {
      "version": "3.1.0",
      "resolved": "https://registry.npmjs.org/d3-shape/-/d3-shape-3.1.0.tgz",
      "integrity": "sha512-tGDh1Muf8kWjEDT/LswZJ8WF85yDZLvVJpYU9Nq+8+yW1Z5enxrmXOhTArlkaElU+CTn0OTVNli+/i+HP45QEQ==",
      "requires": {
        "d3-path": "1 - 3"
      }
    },
    "d3-time": {
      "version": "3.0.0",
      "resolved": "https://registry.npmjs.org/d3-time/-/d3-time-3.0.0.tgz",
      "integrity": "sha512-zmV3lRnlaLI08y9IMRXSDshQb5Nj77smnfpnd2LrBa/2K281Jijactokeak14QacHs/kKq0AQ121nidNYlarbQ==",
      "requires": {
        "d3-array": "2 - 3"
      }
    },
    "d3-time-format": {
      "version": "4.1.0",
      "resolved": "https://registry.npmjs.org/d3-time-format/-/d3-time-format-4.1.0.tgz",
      "integrity": "sha512-dJxPBlzC7NugB2PDLwo9Q8JiTR3M3e4/XANkreKSUxF8vvXKqm1Yfq4Q5dl8budlunRVlUUaDUgFt7eA8D6NLg==",
      "requires": {
        "d3-time": "1 - 3"
      }
    },
    "d3-timer": {
      "version": "3.0.1",
      "resolved": "https://registry.npmjs.org/d3-timer/-/d3-timer-3.0.1.tgz",
      "integrity": "sha512-ndfJ/JxxMd3nw31uyKoY2naivF+r29V+Lc0svZxe1JvvIRmi8hUsrMvdOwgS1o6uBHmiz91geQ0ylPP0aj1VUA=="
    },
    "d3-transition": {
      "version": "3.0.1",
      "resolved": "https://registry.npmjs.org/d3-transition/-/d3-transition-3.0.1.tgz",
      "integrity": "sha512-ApKvfjsSR6tg06xrL434C0WydLr7JewBB3V+/39RMHsaXTOG0zmt/OAXeng5M5LBm0ojmxJrpomQVZ1aPvBL4w==",
      "requires": {
        "d3-color": "1 - 3",
        "d3-dispatch": "1 - 3",
        "d3-ease": "1 - 3",
        "d3-interpolate": "1 - 3",
        "d3-timer": "1 - 3"
      }
    },
    "d3-zoom": {
      "version": "3.0.0",
      "resolved": "https://registry.npmjs.org/d3-zoom/-/d3-zoom-3.0.0.tgz",
      "integrity": "sha512-b8AmV3kfQaqWAuacbPuNbL6vahnOJflOhexLzMMNLga62+/nh0JzvJ0aO/5a5MVgUFGS7Hu1P9P03o3fJkDCyw==",
      "requires": {
        "d3-dispatch": "1 - 3",
        "d3-drag": "2 - 3",
        "d3-interpolate": "1 - 3",
        "d3-selection": "2 - 3",
        "d3-transition": "2 - 3"
      }
    },
    "dashdash": {
      "version": "1.14.1",
      "resolved": "https://registry.npmjs.org/dashdash/-/dashdash-1.14.1.tgz",
      "integrity": "sha1-hTz6D3y+L+1d4gMmuN1YEDX24vA=",
      "requires": {
        "assert-plus": "^1.0.0"
      }
    },
    "delaunator": {
      "version": "5.0.0",
      "resolved": "https://registry.npmjs.org/delaunator/-/delaunator-5.0.0.tgz",
      "integrity": "sha512-AyLvtyJdbv/U1GkiS6gUUzclRoAY4Gs75qkMygJJhU75LW4DNuSF2RMzpxs9jw9Oz1BobHjTdkG3zdP55VxAqw==",
      "requires": {
        "robust-predicates": "^3.0.0"
      }
    },
    "delayed-stream": {
      "version": "1.0.0",
      "resolved": "https://registry.npmjs.org/delayed-stream/-/delayed-stream-1.0.0.tgz",
      "integrity": "sha1-3zrhmayt+31ECqrgsp4icrJOxhk="
    },
    "ecc-jsbn": {
      "version": "0.1.2",
      "resolved": "https://registry.npmjs.org/ecc-jsbn/-/ecc-jsbn-0.1.2.tgz",
      "integrity": "sha1-OoOpBOVDUyh4dMVkt1SThoSamMk=",
      "requires": {
        "jsbn": "~0.1.0",
        "safer-buffer": "^2.1.0"
      }
    },
    "extend": {
      "version": "3.0.2",
      "resolved": "https://registry.npmjs.org/extend/-/extend-3.0.2.tgz",
      "integrity": "sha512-fjquC59cD7CyW6urNXK0FBufkZcoiGG80wTuPujX590cB5Ttln20E2UB4S/WARVqhXffZl2LNgS+gQdPIIim/g=="
    },
    "extsprintf": {
      "version": "1.3.0",
      "resolved": "https://registry.npmjs.org/extsprintf/-/extsprintf-1.3.0.tgz",
      "integrity": "sha1-lpGEQOMEGnpBT4xS48V06zw+HgU="
    },
    "fast-deep-equal": {
      "version": "2.0.1",
      "resolved": "https://registry.npmjs.org/fast-deep-equal/-/fast-deep-equal-2.0.1.tgz",
      "integrity": "sha1-ewUhjd+WZ79/Nwv3/bLLFf3Qqkk="
    },
    "fast-json-stable-stringify": {
      "version": "2.0.0",
      "resolved": "https://registry.npmjs.org/fast-json-stable-stringify/-/fast-json-stable-stringify-2.0.0.tgz",
      "integrity": "sha1-1RQsDK7msRifh9OnYREGT4bIu/I="
    },
    "forever-agent": {
      "version": "0.6.1",
      "resolved": "https://registry.npmjs.org/forever-agent/-/forever-agent-0.6.1.tgz",
      "integrity": "sha1-+8cfDEGt6zf5bFd60e1C2P2sypE="
    },
    "form-data": {
      "version": "2.3.3",
      "resolved": "https://registry.npmjs.org/form-data/-/form-data-2.3.3.tgz",
      "integrity": "sha512-1lLKB2Mu3aGP1Q/2eCOx0fNbRMe7XdwktwOruhfqqd0rIJWwN4Dh+E3hrPSlDCXnSR7UtZ1N38rVXm+6+MEhJQ==",
      "requires": {
        "asynckit": "^0.4.0",
        "combined-stream": "^1.0.6",
        "mime-types": "^2.1.12"
      }
    },
    "getpass": {
      "version": "0.1.7",
      "resolved": "https://registry.npmjs.org/getpass/-/getpass-0.1.7.tgz",
      "integrity": "sha1-Xv+OPmhNVprkyysSgmBOi6YhSfo=",
      "requires": {
        "assert-plus": "^1.0.0"
      }
    },
    "har-schema": {
      "version": "2.0.0",
      "resolved": "https://registry.npmjs.org/har-schema/-/har-schema-2.0.0.tgz",
      "integrity": "sha1-qUwiJOvKwEeCoNkDVSHyRzW37JI="
    },
    "har-validator": {
      "version": "5.1.3",
      "resolved": "https://registry.npmjs.org/har-validator/-/har-validator-5.1.3.tgz",
      "integrity": "sha512-sNvOCzEQNr/qrvJgc3UG/kD4QtlHycrzwS+6mfTrrSq97BvaYcPZZI1ZSqGSPR73Cxn4LKTD4PttRwfU7jWq5g==",
      "requires": {
        "ajv": "^6.5.5",
        "har-schema": "^2.0.0"
      }
    },
    "http-signature": {
      "version": "1.2.0",
      "resolved": "https://registry.npmjs.org/http-signature/-/http-signature-1.2.0.tgz",
      "integrity": "sha1-muzZJRFHcvPZW2WmCruPfBj7rOE=",
      "requires": {
        "assert-plus": "^1.0.0",
        "jsprim": "^1.2.2",
        "sshpk": "^1.7.0"
      }
    },
    "iconv-lite": {
      "version": "0.6.3",
      "resolved": "https://registry.npmjs.org/iconv-lite/-/iconv-lite-0.6.3.tgz",
      "integrity": "sha512-4fCk79wshMdzMp2rH06qWrJE4iolqLhCUH+OiuIgU++RB0+94NlDL81atO7GX55uUKueo0txHNtvEyI6D7WdMw==",
      "requires": {
        "safer-buffer": ">= 2.1.2 < 3.0.0"
      }
    },
    "internmap": {
      "version": "2.0.3",
      "resolved": "https://registry.npmjs.org/internmap/-/internmap-2.0.3.tgz",
      "integrity": "sha512-5Hh7Y1wQbvY5ooGgPbDaL5iYLAPzMTUrjMulskHLH6wnv/A+1q5rgEaiuqEjB+oxGXIVZs1FF+R/KPN3ZSQYYg=="
    },
    "is-typedarray": {
      "version": "1.0.0",
      "resolved": "https://registry.npmjs.org/is-typedarray/-/is-typedarray-1.0.0.tgz",
      "integrity": "sha1-5HnICFjfDBsR3dppQPlgEfzaSpo="
    },
    "isstream": {
      "version": "0.1.2",
      "resolved": "https://registry.npmjs.org/isstream/-/isstream-0.1.2.tgz",
      "integrity": "sha1-R+Y/evVa+m+S4VAOaQ64uFKcCZo="
    },
    "jquery": {
      "version": "3.4.1",
      "resolved": "https://registry.npmjs.org/jquery/-/jquery-3.4.1.tgz",
      "integrity": "sha512-36+AdBzCL+y6qjw5Tx7HgzeGCzC81MDDgaUP8ld2zhx58HdqXGoBd+tHdrBMiyjGQs0Hxs/MLZTu/eHNJJuWPw=="
    },
    "jsbn": {
      "version": "0.1.1",
      "resolved": "https://registry.npmjs.org/jsbn/-/jsbn-0.1.1.tgz",
      "integrity": "sha1-peZUwuWi3rXyAdls77yoDA7y9RM="
    },
    "json-schema": {
      "version": "0.2.3",
      "resolved": "https://registry.npmjs.org/json-schema/-/json-schema-0.2.3.tgz",
      "integrity": "sha1-tIDIkuWaLwWVTOcnvT8qTogvnhM="
    },
    "json-schema-traverse": {
      "version": "0.4.1",
      "resolved": "https://registry.npmjs.org/json-schema-traverse/-/json-schema-traverse-0.4.1.tgz",
      "integrity": "sha512-xbbCH5dCYU5T8LcEhhuh7HJ88HXuW3qsI3Y0zOZFKfZEHcpWiHU/Jxzk629Brsab/mMiHQti9wMP+845RPe3Vg=="
    },
    "json-stringify-safe": {
      "version": "5.0.1",
      "resolved": "https://registry.npmjs.org/json-stringify-safe/-/json-stringify-safe-5.0.1.tgz",
      "integrity": "sha1-Epai1Y/UXxmg9s4B1lcB4sc1tus="
    },
    "jsprim": {
      "version": "1.4.1",
      "resolved": "https://registry.npmjs.org/jsprim/-/jsprim-1.4.1.tgz",
      "integrity": "sha1-MT5mvB5cwG5Di8G3SZwuXFastqI=",
      "requires": {
        "assert-plus": "1.0.0",
        "extsprintf": "1.3.0",
        "json-schema": "0.2.3",
        "verror": "1.10.0"
      }
    },
    "mime-db": {
      "version": "1.40.0",
      "resolved": "https://registry.npmjs.org/mime-db/-/mime-db-1.40.0.tgz",
      "integrity": "sha512-jYdeOMPy9vnxEqFRRo6ZvTZ8d9oPb+k18PKoYNYUe2stVEBPPwsln/qWzdbmaIvnhZ9v2P+CuecK+fpUfsV2mA=="
    },
    "mime-types": {
      "version": "2.1.24",
      "resolved": "https://registry.npmjs.org/mime-types/-/mime-types-2.1.24.tgz",
      "integrity": "sha512-WaFHS3MCl5fapm3oLxU4eYDw77IQM2ACcxQ9RIxfaC3ooc6PFuBMGZZsYpvoXS5D5QTWPieo1jjLdAm3TBP3cQ==",
      "requires": {
        "mime-db": "1.40.0"
      }
    },
    "nsp": {
      "version": "2.8.1",
      "resolved": "https://registry.npmjs.org/nsp/-/nsp-2.8.1.tgz",
      "integrity": "sha512-jvjDg2Gsw4coD/iZ5eQddsDlkvnwMCNnpG05BproSnuG+Gr1bSQMwWMcQeYje+qdDl3XznmhblMPLpZLecTORQ==",
      "requires": {
        "chalk": "^1.1.1",
        "cli-table": "^0.3.1",
        "cvss": "^1.0.0",
        "https-proxy-agent": "^1.0.0",
        "joi": "^6.9.1",
        "nodesecurity-npm-utils": "^5.0.0",
        "path-is-absolute": "^1.0.0",
        "rc": "^1.1.2",
        "semver": "^5.0.3",
        "subcommand": "^2.0.3",
        "wreck": "^6.3.0"
      },
      "dependencies": {
        "agent-base": {
          "version": "2.1.1",
          "resolved": "https://registry.npmjs.org/agent-base/-/agent-base-2.1.1.tgz",
          "integrity": "sha1-1t4Q1a9hMtW9aSQn1G/FOFOQlMc=",
          "requires": {
            "extend": "~3.0.0",
            "semver": "~5.0.1"
          },
          "dependencies": {
            "semver": {
              "version": "5.0.3",
              "resolved": "https://registry.npmjs.org/semver/-/semver-5.0.3.tgz",
              "integrity": "sha1-d0Zt5YnNXTyV8TiqeLxWmjy10no="
            }
          }
        },
        "ansi-regex": {
          "version": "2.1.1",
          "resolved": "https://registry.npmjs.org/ansi-regex/-/ansi-regex-2.1.1.tgz",
          "integrity": "sha1-w7M6te42DYbg5ijwRorn7yfWVN8="
        },
        "ansi-styles": {
          "version": "2.2.1",
          "resolved": "https://registry.npmjs.org/ansi-styles/-/ansi-styles-2.2.1.tgz",
          "integrity": "sha1-tDLdM1i2NM914eRmQ2gkBTPB3b4="
        },
        "boom": {
          "version": "2.10.1",
          "resolved": "https://registry.npmjs.org/boom/-/boom-2.10.1.tgz",
          "integrity": "sha1-OciRjO/1eZ+D+UkqhI9iWt0Mdm8=",
          "requires": {
            "hoek": "2.x.x"
          }
        },
        "chalk": {
          "version": "1.1.3",
          "resolved": "https://registry.npmjs.org/chalk/-/chalk-1.1.3.tgz",
          "integrity": "sha1-qBFcVeSnAv5NFQq9OHKCKn4J/Jg=",
          "requires": {
            "ansi-styles": "^2.2.1",
            "escape-string-regexp": "^1.0.2",
            "has-ansi": "^2.0.0",
            "strip-ansi": "^3.0.0",
            "supports-color": "^2.0.0"
          }
        },
        "cli-table": {
          "version": "0.3.1",
          "resolved": "https://registry.npmjs.org/cli-table/-/cli-table-0.3.1.tgz",
          "integrity": "sha1-9TsFJmqLGguTSz0IIebi3FkUriM=",
          "requires": {
            "colors": "1.0.3"
          }
        },
        "cliclopts": {
          "version": "1.1.1",
          "resolved": "https://registry.npmjs.org/cliclopts/-/cliclopts-1.1.1.tgz",
          "integrity": "sha1-aUMcfLWvcjd0sNORG0w3USQxkQ8="
        },
        "colors": {
          "version": "1.0.3",
          "resolved": "https://registry.npmjs.org/colors/-/colors-1.0.3.tgz",
          "integrity": "sha1-BDP0TYCWgP3rYO0mDxsMJi6CpAs="
        },
        "cvss": {
          "version": "1.0.2",
          "resolved": "https://registry.npmjs.org/cvss/-/cvss-1.0.2.tgz",
          "integrity": "sha1-32fpK/EqeW9J6Sh5nI2zunS5/NY="
        },
        "debug": {
          "version": "2.6.9",
          "resolved": "https://registry.npmjs.org/debug/-/debug-2.6.9.tgz",
          "integrity": "sha512-bC7ElrdJaJnPbAP+1EotYvqZsb3ecl5wi6Bfi6BJTUcNowp6cvspg0jXznRTKDjm/E7AdgFBVeAPVMNcKGsHMA==",
          "requires": {
            "ms": "2.0.0"
          }
        },
        "deep-extend": {
          "version": "0.4.2",
          "resolved": "https://registry.npmjs.org/deep-extend/-/deep-extend-0.4.2.tgz",
          "integrity": "sha1-SLaZwn4zS/ifEIkr5DL25MfTSn8="
        },
        "escape-string-regexp": {
          "version": "1.0.5",
          "resolved": "https://registry.npmjs.org/escape-string-regexp/-/escape-string-regexp-1.0.5.tgz",
          "integrity": "sha1-G2HAViGQqN/2rjuyzwIAyhMLhtQ="
        },
        "extend": {
          "version": "3.0.1",
          "resolved": "https://registry.npmjs.org/extend/-/extend-3.0.1.tgz",
          "integrity": "sha1-p1Xqe8Gt/MWjHOfnYtuq3F5jZEQ="
        },
        "has-ansi": {
          "version": "2.0.0",
          "resolved": "https://registry.npmjs.org/has-ansi/-/has-ansi-2.0.0.tgz",
          "integrity": "sha1-NPUEnOHs3ysGSa8+8k5F7TVBbZE=",
          "requires": {
            "ansi-regex": "^2.0.0"
          }
        },
        "hoek": {
          "version": "2.16.3",
          "resolved": "https://registry.npmjs.org/hoek/-/hoek-2.16.3.tgz",
          "integrity": "sha1-ILt0A9POo5jpHcRxCo/xuCdKJe0="
        },
        "https-proxy-agent": {
          "version": "1.0.0",
          "resolved": "https://registry.npmjs.org/https-proxy-agent/-/https-proxy-agent-1.0.0.tgz",
          "integrity": "sha1-NffabEjOTdv6JkiRrFk+5f+GceY=",
          "requires": {
            "agent-base": "2",
            "debug": "2",
            "extend": "3"
          }
        },
        "ini": {
          "version": "1.3.4",
          "resolved": "https://registry.npmjs.org/ini/-/ini-1.3.4.tgz",
          "integrity": "sha1-BTfLedr1m1mhpRff9wbIbsA5Fi4="
        },
        "isemail": {
          "version": "1.2.0",
          "resolved": "https://registry.npmjs.org/isemail/-/isemail-1.2.0.tgz",
          "integrity": "sha1-vgPfjMPineTSxd9lASY/H6RZXpo="
        },
        "joi": {
          "version": "6.10.1",
          "resolved": "https://registry.npmjs.org/joi/-/joi-6.10.1.tgz",
          "integrity": "sha1-TVDDGAeRIgAP5fFq8f+OGRe3fgY=",
          "requires": {
            "hoek": "2.x.x",
            "isemail": "1.x.x",
            "moment": "2.x.x",
            "topo": "1.x.x"
          }
        },
        "minimist": {
          "version": "1.2.0",
          "resolved": "https://registry.npmjs.org/minimist/-/minimist-1.2.0.tgz",
          "integrity": "sha1-o1AIsg9BOD7sH7kU9M1d95omQoQ="
        },
        "moment": {
          "version": "2.18.1",
          "resolved": "https://registry.npmjs.org/moment/-/moment-2.18.1.tgz",
          "integrity": "sha1-w2GT3Tzhwu7SrbfIAtu8d6gbHA8="
        },
        "ms": {
          "version": "2.0.0",
          "resolved": "https://registry.npmjs.org/ms/-/ms-2.0.0.tgz",
          "integrity": "sha1-VgiurfwAvmwpAd9fmGF4jeDVl8g="
        },
        "nodesecurity-npm-utils": {
          "version": "5.0.0",
          "resolved": "https://registry.npmjs.org/nodesecurity-npm-utils/-/nodesecurity-npm-utils-5.0.0.tgz",
          "integrity": "sha1-Baow3jDKjIRcQEjpT9eOXgi1Xtk="
        },
        "path-is-absolute": {
          "version": "1.0.1",
          "resolved": "https://registry.npmjs.org/path-is-absolute/-/path-is-absolute-1.0.1.tgz",
          "integrity": "sha1-F0uSaHNVNP+8es5r9TpanhtcX18="
        },
        "rc": {
          "version": "1.2.1",
          "resolved": "https://registry.npmjs.org/rc/-/rc-1.2.1.tgz",
          "integrity": "sha1-LgPo5C7kULjLPc5lvhv4l04d/ZU=",
          "requires": {
            "deep-extend": "~0.4.0",
            "ini": "~1.3.0",
            "minimist": "^1.2.0",
            "strip-json-comments": "~2.0.1"
          }
        },
        "semver": {
          "version": "5.4.1",
          "resolved": "https://registry.npmjs.org/semver/-/semver-5.4.1.tgz",
          "integrity": "sha512-WfG/X9+oATh81XtllIo/I8gOiY9EXRdv1cQdyykeXK17YcUW3EXUAi2To4pcH6nZtJPr7ZOpM5OMyWJZm+8Rsg=="
        },
        "strip-ansi": {
          "version": "3.0.1",
          "resolved": "https://registry.npmjs.org/strip-ansi/-/strip-ansi-3.0.1.tgz",
          "integrity": "sha1-ajhfuIU9lS1f8F0Oiq+UJ43GPc8=",
          "requires": {
            "ansi-regex": "^2.0.0"
          }
        },
        "strip-json-comments": {
          "version": "2.0.1",
          "resolved": "https://registry.npmjs.org/strip-json-comments/-/strip-json-comments-2.0.1.tgz",
          "integrity": "sha1-PFMZQukIwml8DsNEhYwobHygpgo="
        },
        "subcommand": {
          "version": "2.1.0",
          "resolved": "https://registry.npmjs.org/subcommand/-/subcommand-2.1.0.tgz",
          "integrity": "sha1-XkzspaN3njNlsVEeBfhmh3MC92A=",
          "requires": {
            "cliclopts": "^1.1.0",
            "debug": "^2.1.3",
            "minimist": "^1.2.0",
            "xtend": "^4.0.0"
          }
        },
        "supports-color": {
          "version": "2.0.0",
          "resolved": "https://registry.npmjs.org/supports-color/-/supports-color-2.0.0.tgz",
          "integrity": "sha1-U10EXOa2Nj+kARcIRimZXp3zJMc="
        },
        "topo": {
          "version": "1.1.0",
          "resolved": "https://registry.npmjs.org/topo/-/topo-1.1.0.tgz",
          "integrity": "sha1-6ddRYV0buH3IZdsYL6HKCl71NtU=",
          "requires": {
            "hoek": "2.x.x"
          }
        },
        "wreck": {
          "version": "6.3.0",
          "resolved": "https://registry.npmjs.org/wreck/-/wreck-6.3.0.tgz",
          "integrity": "sha1-oTaXafB7u2LWo3gzanhx/Hc8dAs=",
          "requires": {
            "boom": "2.x.x",
            "hoek": "2.x.x"
          }
        },
        "xtend": {
          "version": "4.0.1",
          "resolved": "https://registry.npmjs.org/xtend/-/xtend-4.0.1.tgz",
          "integrity": "sha1-pcbVMr5lbiPbgg77lDofBJmNY68="
        }
      }
    },
    "oauth-sign": {
      "version": "0.9.0",
      "resolved": "https://registry.npmjs.org/oauth-sign/-/oauth-sign-0.9.0.tgz",
      "integrity": "sha512-fexhUFFPTGV8ybAtSIGbV6gOkSv8UtRbDBnAyLQw4QPKkgNlsH2ByPGtMUqdWkos6YCRmAqViwgZrJc/mRDzZQ=="
    },
    "performance-now": {
      "version": "2.1.0",
      "resolved": "https://registry.npmjs.org/performance-now/-/performance-now-2.1.0.tgz",
      "integrity": "sha1-Ywn04OX6kT7BxpMHrjZLSzd8nns="
    },
    "psl": {
      "version": "1.2.0",
      "resolved": "https://registry.npmjs.org/psl/-/psl-1.2.0.tgz",
      "integrity": "sha512-GEn74ZffufCmkDDLNcl3uuyF/aSD6exEyh1v/ZSdAomB82t6G9hzJVRx0jBmLDW+VfZqks3aScmMw9DszwUalA=="
    },
    "punycode": {
      "version": "2.1.1",
      "resolved": "https://registry.npmjs.org/punycode/-/punycode-2.1.1.tgz",
      "integrity": "sha512-XRsRjdf+j5ml+y/6GKHPZbrF/8p2Yga0JPtdqTIY2Xe5ohJPD9saDJJLPvp9+NSBprVvevdXZybnj2cv8OEd0A=="
    },
    "qs": {
      "version": "6.5.2",
      "resolved": "https://registry.npmjs.org/qs/-/qs-6.5.2.tgz",
      "integrity": "sha512-N5ZAX4/LxJmF+7wN74pUD6qAh9/wnvdQcjq9TZjevvXzSUo7bfmw91saqMjzGS2xq91/odN2dW/WOl7qQHNDGA=="
    },
    "request": {
      "version": "2.88.0",
      "resolved": "https://registry.npmjs.org/request/-/request-2.88.0.tgz",
      "integrity": "sha512-NAqBSrijGLZdM0WZNsInLJpkJokL72XYjUpnB0iwsRgxh7dB6COrHnTBNwN0E+lHDAJzu7kLAkDeY08z2/A0hg==",
      "requires": {
        "aws-sign2": "~0.7.0",
        "aws4": "^1.8.0",
        "caseless": "~0.12.0",
        "combined-stream": "~1.0.6",
        "extend": "~3.0.2",
        "forever-agent": "~0.6.1",
        "form-data": "~2.3.2",
        "har-validator": "~5.1.0",
        "http-signature": "~1.2.0",
        "is-typedarray": "~1.0.0",
        "isstream": "~0.1.2",
        "json-stringify-safe": "~5.0.1",
        "mime-types": "~2.1.19",
        "oauth-sign": "~0.9.0",
        "performance-now": "^2.1.0",
        "qs": "~6.5.2",
        "safe-buffer": "^5.1.2",
        "tough-cookie": "~2.4.3",
        "tunnel-agent": "^0.6.0",
        "uuid": "^3.3.2"
      }
    },
    "robust-predicates": {
      "version": "3.0.1",
      "resolved": "https://registry.npmjs.org/robust-predicates/-/robust-predicates-3.0.1.tgz",
      "integrity": "sha512-ndEIpszUHiG4HtDsQLeIuMvRsDnn8c8rYStabochtUeCvfuvNptb5TUbVD68LRAILPX7p9nqQGh4xJgn3EHS/g=="
    },
    "rw": {
      "version": "1.3.3",
      "resolved": "https://registry.npmjs.org/rw/-/rw-1.3.3.tgz",
      "integrity": "sha512-PdhdWy89SiZogBLaw42zdeqtRJ//zFd2PgQavcICDUgJT5oW10QCRKbJ6bg4r0/UY2M6BWd5tkxuGFRvCkgfHQ=="
    },
    "safe-buffer": {
      "version": "5.2.0",
      "resolved": "https://registry.npmjs.org/safe-buffer/-/safe-buffer-5.2.0.tgz",
      "integrity": "sha512-fZEwUGbVl7kouZs1jCdMLdt95hdIv0ZeHg6L7qPeciMZhZ+/gdesW4wgTARkrFWEpspjEATAzUGPG8N2jJiwbg=="
    },
    "safer-buffer": {
      "version": "2.1.2",
      "resolved": "https://registry.npmjs.org/safer-buffer/-/safer-buffer-2.1.2.tgz",
      "integrity": "sha512-YZo3K82SD7Riyi0E1EQPojLz7kpepnSQI9IyPbHHg1XXXevb5dJI7tpyN2ADxGcQbHG7vcyRHk0cbwqcQriUtg=="
    },
    "sshpk": {
      "version": "1.16.1",
      "resolved": "https://registry.npmjs.org/sshpk/-/sshpk-1.16.1.tgz",
      "integrity": "sha512-HXXqVUq7+pcKeLqqZj6mHFUMvXtOJt1uoUx09pFW6011inTMxqI8BA8PM95myrIyyKwdnzjdFjLiE6KBPVtJIg==",
      "requires": {
        "asn1": "~0.2.3",
        "assert-plus": "^1.0.0",
        "bcrypt-pbkdf": "^1.0.0",
        "dashdash": "^1.12.0",
        "ecc-jsbn": "~0.1.1",
        "getpass": "^0.1.1",
        "jsbn": "~0.1.0",
        "safer-buffer": "^2.0.2",
        "tweetnacl": "~0.14.0"
      }
    },
    "stateman": {
      "version": "0.3.0-beta.2",
      "resolved": "https://registry.npmjs.org/stateman/-/stateman-0.3.0-beta.2.tgz",
      "integrity": "sha1-fYhSFb2t6lBZsx+JDII7uNH6HxQ="
    },
    "static-player": {
      "version": "0.0.13",
      "resolved": "https://registry.npmjs.org/static-player/-/static-player-0.0.13.tgz",
      "integrity": "sha1-/7lq3nitJmn2dKBC2HQ0Xn2/3ZU="
    },
    "svg-crowbar": {
      "version": "0.2.3",
      "resolved": "https://registry.npmjs.org/svg-crowbar/-/svg-crowbar-0.2.3.tgz",
      "integrity": "sha512-35CKMmoj3HY/5Q9HU0JJmpY0Oi+YU24mFPbR3piihOeddBabv/Un06KWXcWMiR5kJN2kwogUbmB0hem2vT7GjA=="
    },
    "tabletop": {
      "version": "1.5.2",
      "resolved": "https://registry.npmjs.org/tabletop/-/tabletop-1.5.2.tgz",
      "integrity": "sha1-ZU1ITK5ODmWh8gd6e+xg2nt0ZPM=",
      "requires": {
        "nsp": "^2.6.2",
        "request": "^2.51.0"
      }
    },
    "tough-cookie": {
      "version": "2.4.3",
      "resolved": "https://registry.npmjs.org/tough-cookie/-/tough-cookie-2.4.3.tgz",
      "integrity": "sha512-Q5srk/4vDM54WJsJio3XNn6K2sCG+CQ8G5Wz6bZhRZoAe/+TxjWB/GlFAnYEbkYVlON9FMk/fE3h2RLpPXo4lQ==",
      "requires": {
        "psl": "^1.1.24",
        "punycode": "^1.4.1"
      },
      "dependencies": {
        "punycode": {
          "version": "1.4.1",
          "resolved": "https://registry.npmjs.org/punycode/-/punycode-1.4.1.tgz",
          "integrity": "sha1-wNWmOycYgArY4esPpSachN1BhF4="
        }
      }
    },
    "tunnel-agent": {
      "version": "0.6.0",
      "resolved": "https://registry.npmjs.org/tunnel-agent/-/tunnel-agent-0.6.0.tgz",
      "integrity": "sha1-J6XeoGs2sEoKmWZ3SykIaPD8QP0=",
      "requires": {
        "safe-buffer": "^5.0.1"
      }
    },
    "tweetnacl": {
      "version": "0.14.5",
      "resolved": "https://registry.npmjs.org/tweetnacl/-/tweetnacl-0.14.5.tgz",
      "integrity": "sha1-WuaBd/GS1EViadEIr6k/+HQ/T2Q="
    },
    "uri-js": {
      "version": "4.2.2",
      "resolved": "https://registry.npmjs.org/uri-js/-/uri-js-4.2.2.tgz",
      "integrity": "sha512-KY9Frmirql91X2Qgjry0Wd4Y+YTdrdZheS8TFwvkbLWf/G5KNJDCh6pKL5OZctEW4+0Baa5idK2ZQuELRwPznQ==",
      "requires": {
        "punycode": "^2.1.0"
      }
    },
    "uuid": {
      "version": "3.3.2",
      "resolved": "https://registry.npmjs.org/uuid/-/uuid-3.3.2.tgz",
      "integrity": "sha512-yXJmeNaw3DnnKAOKJE51sL/ZaYfWJRl1pK9dr19YFCu0ObS231AB1/LbqTKRAQ5kw8A90rA6fr4riOUpTZvQZA=="
    },
    "verror": {
      "version": "1.10.0",
      "resolved": "https://registry.npmjs.org/verror/-/verror-1.10.0.tgz",
      "integrity": "sha1-OhBcoXBTr1XW4nDB+CiGguGNpAA=",
      "requires": {
        "assert-plus": "^1.0.0",
        "core-util-is": "1.0.2",
        "extsprintf": "^1.2.0"
      }
    }
  }
}
